// !$*UTF8*$!
{
	archiveVersion = 1;
	classes = {
	};
	objectVersion = 56;
	objects = {

/* Begin PBXBuildFile section */
		FAE917EE2CB9A9FA004F967F /* MenuApp.swift in Sources */ = {isa = PBXBuildFile; fileRef = FAE917ED2CB9A9FA004F967F /* MenuApp.swift */; };
		FAE917F02CB9A9FA004F967F /* AppetizerTabView.swift in Sources */ = {isa = PBXBuildFile; fileRef = FAE917EF2CB9A9FA004F967F /* AppetizerTabView.swift */; };
		FAE917F22CB9A9FA004F967F /* Assets.xcassets in Resources */ = {isa = PBXBuildFile; fileRef = FAE917F12CB9A9FA004F967F /* Assets.xcassets */; };
		FAE917F62CB9A9FA004F967F /* Preview Assets.xcassets in Resources */ = {isa = PBXBuildFile; fileRef = FAE917F52CB9A9FA004F967F /* Preview Assets.xcassets */; };
		FAE917FD2CB9ABAE004F967F /* AppetizerListView.swift in Sources */ = {isa = PBXBuildFile; fileRef = FAE917FC2CB9ABAE004F967F /* AppetizerListView.swift */; };
		FAE917FF2CB9ABBB004F967F /* AccountView.swift in Sources */ = {isa = PBXBuildFile; fileRef = FAE917FE2CB9ABBB004F967F /* AccountView.swift */; };
		FAE918012CB9ABC6004F967F /* OrderView.swift in Sources */ = {isa = PBXBuildFile; fileRef = FAE918002CB9ABC6004F967F /* OrderView.swift */; };
		FAE918042CB9B2D9004F967F /* Appetizer.swift in Sources */ = {isa = PBXBuildFile; fileRef = FAE918032CB9B2D9004F967F /* Appetizer.swift */; };
		FAE918062CB9D6AF004F967F /* NetworkManager.swift in Sources */ = {isa = PBXBuildFile; fileRef = FAE918052CB9D6AF004F967F /* NetworkManager.swift */; };
		FAE918082CB9D7A0004F967F /* AppetizeError.swift in Sources */ = {isa = PBXBuildFile; fileRef = FAE918072CB9D7A0004F967F /* AppetizeError.swift */; };
		FAE9180A2CBA152C004F967F /* AppetizerListViewModel.swift in Sources */ = {isa = PBXBuildFile; fileRef = FAE918092CBA152B004F967F /* AppetizerListViewModel.swift */; };
		FAE9180C2CBAE22C004F967F /* Alert.swift in Sources */ = {isa = PBXBuildFile; fileRef = FAE9180B2CBAE22C004F967F /* Alert.swift */; };
		FAE9180E2CBAECE8004F967F /* LoadingView.swift in Sources */ = {isa = PBXBuildFile; fileRef = FAE9180D2CBAECE8004F967F /* LoadingView.swift */; };
		FAE918102CBC8094004F967F /* RemoteImage.swift in Sources */ = {isa = PBXBuildFile; fileRef = FAE9180F2CBC8094004F967F /* RemoteImage.swift */; };
		FAE9181E2CBC8967004F967F /* AppetizerDetailView.swift in Sources */ = {isa = PBXBuildFile; fileRef = FAE9181D2CBC8967004F967F /* AppetizerDetailView.swift */; };
/* End PBXBuildFile section */

/* Begin PBXFileReference section */
		FAE917EA2CB9A9FA004F967F /* MenuApp.app */ = {isa = PBXFileReference; explicitFileType = wrapper.application; includeInIndex = 0; path = MenuApp.app; sourceTree = BUILT_PRODUCTS_DIR; };
		FAE917ED2CB9A9FA004F967F /* MenuApp.swift */ = {isa = PBXFileReference; lastKnownFileType = sourcecode.swift; path = MenuApp.swift; sourceTree = "<group>"; };
		FAE917EF2CB9A9FA004F967F /* AppetizerTabView.swift */ = {isa = PBXFileReference; lastKnownFileType = sourcecode.swift; path = AppetizerTabView.swift; sourceTree = "<group>"; };
		FAE917F12CB9A9FA004F967F /* Assets.xcassets */ = {isa = PBXFileReference; lastKnownFileType = folder.assetcatalog; path = Assets.xcassets; sourceTree = "<group>"; };
		FAE917F32CB9A9FA004F967F /* MenuApp.entitlements */ = {isa = PBXFileReference; lastKnownFileType = text.plist.entitlements; path = MenuApp.entitlements; sourceTree = "<group>"; };
		FAE917F52CB9A9FA004F967F /* Preview Assets.xcassets */ = {isa = PBXFileReference; lastKnownFileType = folder.assetcatalog; path = "Preview Assets.xcassets"; sourceTree = "<group>"; };
		FAE917FC2CB9ABAE004F967F /* AppetizerListView.swift */ = {isa = PBXFileReference; lastKnownFileType = sourcecode.swift; path = AppetizerListView.swift; sourceTree = "<group>"; };
		FAE917FE2CB9ABBB004F967F /* AccountView.swift */ = {isa = PBXFileReference; lastKnownFileType = sourcecode.swift; path = AccountView.swift; sourceTree = "<group>"; };
		FAE918002CB9ABC6004F967F /* OrderView.swift */ = {isa = PBXFileReference; lastKnownFileType = sourcecode.swift; path = OrderView.swift; sourceTree = "<group>"; };
		FAE918032CB9B2D9004F967F /* Appetizer.swift */ = {isa = PBXFileReference; lastKnownFileType = sourcecode.swift; path = Appetizer.swift; sourceTree = "<group>"; };
		FAE918052CB9D6AF004F967F /* NetworkManager.swift */ = {isa = PBXFileReference; lastKnownFileType = sourcecode.swift; path = NetworkManager.swift; sourceTree = "<group>"; };
		FAE918072CB9D7A0004F967F /* AppetizeError.swift */ = {isa = PBXFileReference; lastKnownFileType = sourcecode.swift; path = AppetizeError.swift; sourceTree = "<group>"; };
		FAE918092CBA152B004F967F /* AppetizerListViewModel.swift */ = {isa = PBXFileReference; lastKnownFileType = sourcecode.swift; path = AppetizerListViewModel.swift; sourceTree = "<group>"; };
		FAE9180B2CBAE22C004F967F /* Alert.swift */ = {isa = PBXFileReference; lastKnownFileType = sourcecode.swift; path = Alert.swift; sourceTree = "<group>"; };
		FAE9180D2CBAECE8004F967F /* LoadingView.swift */ = {isa = PBXFileReference; indentWidth = 4; lastKnownFileType = sourcecode.swift; path = LoadingView.swift; sourceTree = "<group>"; tabWidth = 5; };
		FAE9180F2CBC8094004F967F /* RemoteImage.swift */ = {isa = PBXFileReference; lastKnownFileType = sourcecode.swift; path = RemoteImage.swift; sourceTree = "<group>"; };
		FAE9181D2CBC8967004F967F /* AppetizerDetailView.swift */ = {isa = PBXFileReference; lastKnownFileType = sourcecode.swift; path = AppetizerDetailView.swift; sourceTree = "<group>"; };
/* End PBXFileReference section */

/* Begin PBXFrameworksBuildPhase section */
		FAE917E72CB9A9FA004F967F /* Frameworks */ = {
			isa = PBXFrameworksBuildPhase;
			buildActionMask = 2147483647;
			files = (
			);
			runOnlyForDeploymentPostprocessing = 0;
		};
/* End PBXFrameworksBuildPhase section */

/* Begin PBXGroup section */
		FAE917E12CB9A9FA004F967F = {
			isa = PBXGroup;
			children = (
				FAE917EC2CB9A9FA004F967F /* MenuApp */,
				FAE917EB2CB9A9FA004F967F /* Products */,
			);
			sourceTree = "<group>";
		};
		FAE917EB2CB9A9FA004F967F /* Products */ = {
			isa = PBXGroup;
			children = (
				FAE917EA2CB9A9FA004F967F /* MenuApp.app */,
			);
			name = Products;
			sourceTree = "<group>";
		};
		FAE917EC2CB9A9FA004F967F /* MenuApp */ = {
			isa = PBXGroup;
			children = (
				FAE917ED2CB9A9FA004F967F /* MenuApp.swift */,
				FAE9181C2CBC879F004F967F /* Views */,
				FAE918162CBC86FA004F967F /* Utilities */,
				FAE918112CBC8690004F967F /* Screens */,
				FAE918022CB9B2CC004F967F /* Model */,
				FAE917F12CB9A9FA004F967F /* Assets.xcassets */,
				FAE917F32CB9A9FA004F967F /* MenuApp.entitlements */,
				FAE917F42CB9A9FA004F967F /* Preview Content */,
			);
			path = MenuApp;
			sourceTree = "<group>";
		};
		FAE917F42CB9A9FA004F967F /* Preview Content */ = {
			isa = PBXGroup;
			children = (
				FAE917F52CB9A9FA004F967F /* Preview Assets.xcassets */,
			);
			path = "Preview Content";
			sourceTree = "<group>";
		};
		FAE918022CB9B2CC004F967F /* Model */ = {
			isa = PBXGroup;
			children = (
				FAE918032CB9B2D9004F967F /* Appetizer.swift */,
			);
			path = Model;
			sourceTree = "<group>";
		};
		FAE918112CBC8690004F967F /* Screens */ = {
			isa = PBXGroup;
			children = (
				FAE917EF2CB9A9FA004F967F /* AppetizerTabView.swift */,
				FAE918142CBC86AF004F967F /* OrderView */,
				FAE918132CBC86A7004F967F /* AccountView */,
				FAE918122CBC869D004F967F /* AppetizerListView */,
			);
			path = Screens;
			sourceTree = "<group>";
		};
		FAE918122CBC869D004F967F /* AppetizerListView */ = {
			isa = PBXGroup;
			children = (
				FAE918092CBA152B004F967F /* AppetizerListViewModel.swift */,
				FAE917FC2CB9ABAE004F967F /* AppetizerListView.swift */,
				FAE9181D2CBC8967004F967F /* AppetizerDetailView.swift */,
			);
			path = AppetizerListView;
			sourceTree = "<group>";
		};
		FAE918132CBC86A7004F967F /* AccountView */ = {
			isa = PBXGroup;
			children = (
				FAE917FE2CB9ABBB004F967F /* AccountView.swift */,
			);
			path = AccountView;
			sourceTree = "<group>";
		};
		FAE918142CBC86AF004F967F /* OrderView */ = {
			isa = PBXGroup;
			children = (
				FAE918002CB9ABC6004F967F /* OrderView.swift */,
			);
			path = OrderView;
			sourceTree = "<group>";
		};
		FAE918162CBC86FA004F967F /* Utilities */ = {
			isa = PBXGroup;
			children = (
				FAE9181A2CBC875B004F967F /* Errors */,
				FAE918192CBC872D004F967F /* Alerts */,
				FAE918182CBC870D004F967F /* Managers */,
			);
			path = Utilities;
			sourceTree = "<group>";
		};
		FAE918182CBC870D004F967F /* Managers */ = {
			isa = PBXGroup;
			children = (
				FAE918052CB9D6AF004F967F /* NetworkManager.swift */,
			);
			path = Managers;
			sourceTree = "<group>";
		};
		FAE918192CBC872D004F967F /* Alerts */ = {
			isa = PBXGroup;
			children = (
				FAE9180B2CBAE22C004F967F /* Alert.swift */,
			);
			path = Alerts;
			sourceTree = "<group>";
		};
		FAE9181A2CBC875B004F967F /* Errors */ = {
			isa = PBXGroup;
			children = (
				FAE918072CB9D7A0004F967F /* AppetizeError.swift */,
			);
			path = Errors;
			sourceTree = "<group>";
		};
		FAE9181C2CBC879F004F967F /* Views */ = {
			isa = PBXGroup;
			children = (
				FAE9180F2CBC8094004F967F /* RemoteImage.swift */,
				FAE9180D2CBAECE8004F967F /* LoadingView.swift */,
			);
			path = Views;
			sourceTree = "<group>";
		};
/* End PBXGroup section */

/* Begin PBXNativeTarget section */
		FAE917E92CB9A9FA004F967F /* MenuApp */ = {
			isa = PBXNativeTarget;
			buildConfigurationList = FAE917F92CB9A9FA004F967F /* Build configuration list for PBXNativeTarget "MenuApp" */;
			buildPhases = (
				FAE917E62CB9A9FA004F967F /* Sources */,
				FAE917E72CB9A9FA004F967F /* Frameworks */,
				FAE917E82CB9A9FA004F967F /* Resources */,
			);
			buildRules = (
			);
			dependencies = (
			);
			name = MenuApp;
			productName = MenuApp;
			productReference = FAE917EA2CB9A9FA004F967F /* MenuApp.app */;
			productType = "com.apple.product-type.application";
		};
/* End PBXNativeTarget section */

/* Begin PBXProject section */
		FAE917E22CB9A9FA004F967F /* Project object */ = {
			isa = PBXProject;
			attributes = {
				BuildIndependentTargetsInParallel = 1;
				LastSwiftUpdateCheck = 1540;
				LastUpgradeCheck = 1540;
				TargetAttributes = {
					FAE917E92CB9A9FA004F967F = {
						CreatedOnToolsVersion = 15.4;
					};
				};
			};
			buildConfigurationList = FAE917E52CB9A9FA004F967F /* Build configuration list for PBXProject "MenuApp" */;
			compatibilityVersion = "Xcode 14.0";
			developmentRegion = en;
			hasScannedForEncodings = 0;
			knownRegions = (
				en,
				Base,
			);
			mainGroup = FAE917E12CB9A9FA004F967F;
			productRefGroup = FAE917EB2CB9A9FA004F967F /* Products */;
			projectDirPath = "";
			projectRoot = "";
			targets = (
				FAE917E92CB9A9FA004F967F /* MenuApp */,
			);
		};
/* End PBXProject section */

/* Begin PBXResourcesBuildPhase section */
		FAE917E82CB9A9FA004F967F /* Resources */ = {
			isa = PBXResourcesBuildPhase;
			buildActionMask = 2147483647;
			files = (
				FAE917F62CB9A9FA004F967F /* Preview Assets.xcassets in Resources */,
				FAE917F22CB9A9FA004F967F /* Assets.xcassets in Resources */,
			);
			runOnlyForDeploymentPostprocessing = 0;
		};
/* End PBXResourcesBuildPhase section */

/* Begin PBXSourcesBuildPhase section */
		FAE917E62CB9A9FA004F967F /* Sources */ = {
			isa = PBXSourcesBuildPhase;
			buildActionMask = 2147483647;
			files = (
				FAE918042CB9B2D9004F967F /* Appetizer.swift in Sources */,
				FAE917FF2CB9ABBB004F967F /* AccountView.swift in Sources */,
				FAE918082CB9D7A0004F967F /* AppetizeError.swift in Sources */,
				FAE918102CBC8094004F967F /* RemoteImage.swift in Sources */,
				FAE9180E2CBAECE8004F967F /* LoadingView.swift in Sources */,
				FAE917F02CB9A9FA004F967F /* AppetizerTabView.swift in Sources */,
				FAE9180A2CBA152C004F967F /* AppetizerListViewModel.swift in Sources */,
				FAE918062CB9D6AF004F967F /* NetworkManager.swift in Sources */,
				FAE9181E2CBC8967004F967F /* AppetizerDetailView.swift in Sources */,
				FAE917EE2CB9A9FA004F967F /* MenuApp.swift in Sources */,
				FAE917FD2CB9ABAE004F967F /* AppetizerListView.swift in Sources */,
				FAE9180C2CBAE22C004F967F /* Alert.swift in Sources */,
				FAE918012CB9ABC6004F967F /* OrderView.swift in Sources */,
			);
			runOnlyForDeploymentPostprocessing = 0;
		};
/* End PBXSourcesBuildPhase section */

/* Begin XCBuildConfiguration section */
		FAE917F72CB9A9FA004F967F /* Debug */ = {
			isa = XCBuildConfiguration;
			buildSettings = {
				ALWAYS_SEARCH_USER_PATHS = NO;
				ASSETCATALOG_COMPILER_GENERATE_SWIFT_ASSET_SYMBOL_EXTENSIONS = YES;
				CLANG_ANALYZER_NONNULL = YES;
				CLANG_ANALYZER_NUMBER_OBJECT_CONVERSION = YES_AGGRESSIVE;
				CLANG_CXX_LANGUAGE_STANDARD = "gnu++20";
				CLANG_ENABLE_MODULES = YES;
				CLANG_ENABLE_OBJC_ARC = YES;
				CLANG_ENABLE_OBJC_WEAK = YES;
				CLANG_WARN_BLOCK_CAPTURE_AUTORELEASING = YES;
				CLANG_WARN_BOOL_CONVERSION = YES;
				CLANG_WARN_COMMA = YES;
				CLANG_WARN_CONSTANT_CONVERSION = YES;
				CLANG_WARN_DEPRECATED_OBJC_IMPLEMENTATIONS = YES;
				CLANG_WARN_DIRECT_OBJC_ISA_USAGE = YES_ERROR;
				CLANG_WARN_DOCUMENTATION_COMMENTS = YES;
				CLANG_WARN_EMPTY_BODY = YES;
				CLANG_WARN_ENUM_CONVERSION = YES;
				CLANG_WARN_INFINITE_RECURSION = YES;
				CLANG_WARN_INT_CONVERSION = YES;
				CLANG_WARN_NON_LITERAL_NULL_CONVERSION = YES;
				CLANG_WARN_OBJC_IMPLICIT_RETAIN_SELF = YES;
				CLANG_WARN_OBJC_LITERAL_CONVERSION = YES;
				CLANG_WARN_OBJC_ROOT_CLASS = YES_ERROR;
				CLANG_WARN_QUOTED_INCLUDE_IN_FRAMEWORK_HEADER = YES;
				CLANG_WARN_RANGE_LOOP_ANALYSIS = YES;
				CLANG_WARN_STRICT_PROTOTYPES = YES;
				CLANG_WARN_SUSPICIOUS_MOVE = YES;
				CLANG_WARN_UNGUARDED_AVAILABILITY = YES_AGGRESSIVE;
				CLANG_WARN_UNREACHABLE_CODE = YES;
				CLANG_WARN__DUPLICATE_METHOD_MATCH = YES;
				COPY_PHASE_STRIP = NO;
				DEBUG_INFORMATION_FORMAT = dwarf;
				ENABLE_STRICT_OBJC_MSGSEND = YES;
				ENABLE_TESTABILITY = YES;
				ENABLE_USER_SCRIPT_SANDBOXING = YES;
				GCC_C_LANGUAGE_STANDARD = gnu17;
				GCC_DYNAMIC_NO_PIC = NO;
				GCC_NO_COMMON_BLOCKS = YES;
				GCC_OPTIMIZATION_LEVEL = 0;
				GCC_PREPROCESSOR_DEFINITIONS = (
					"DEBUG=1",
					"$(inherited)",
				);
				GCC_WARN_64_TO_32_BIT_CONVERSION = YES;
				GCC_WARN_ABOUT_RETURN_TYPE = YES_ERROR;
				GCC_WARN_UNDECLARED_SELECTOR = YES;
				GCC_WARN_UNINITIALIZED_AUTOS = YES_AGGRESSIVE;
				GCC_WARN_UNUSED_FUNCTION = YES;
				GCC_WARN_UNUSED_VARIABLE = YES;
				LOCALIZATION_PREFERS_STRING_CATALOGS = YES;
				MTL_ENABLE_DEBUG_INFO = INCLUDE_SOURCE;
				MTL_FAST_MATH = YES;
				ONLY_ACTIVE_ARCH = YES;
				SWIFT_ACTIVE_COMPILATION_CONDITIONS = "DEBUG $(inherited)";
				SWIFT_OPTIMIZATION_LEVEL = "-Onone";
			};
			name = Debug;
		};
		FAE917F82CB9A9FA004F967F /* Release */ = {
			isa = XCBuildConfiguration;
			buildSettings = {
				ALWAYS_SEARCH_USER_PATHS = NO;
				ASSETCATALOG_COMPILER_GENERATE_SWIFT_ASSET_SYMBOL_EXTENSIONS = YES;
				CLANG_ANALYZER_NONNULL = YES;
				CLANG_ANALYZER_NUMBER_OBJECT_CONVERSION = YES_AGGRESSIVE;
				CLANG_CXX_LANGUAGE_STANDARD = "gnu++20";
				CLANG_ENABLE_MODULES = YES;
				CLANG_ENABLE_OBJC_ARC = YES;
				CLANG_ENABLE_OBJC_WEAK = YES;
				CLANG_WARN_BLOCK_CAPTURE_AUTORELEASING = YES;
				CLANG_WARN_BOOL_CONVERSION = YES;
				CLANG_WARN_COMMA = YES;
				CLANG_WARN_CONSTANT_CONVERSION = YES;
				CLANG_WARN_DEPRECATED_OBJC_IMPLEMENTATIONS = YES;
				CLANG_WARN_DIRECT_OBJC_ISA_USAGE = YES_ERROR;
				CLANG_WARN_DOCUMENTATION_COMMENTS = YES;
				CLANG_WARN_EMPTY_BODY = YES;
				CLANG_WARN_ENUM_CONVERSION = YES;
				CLANG_WARN_INFINITE_RECURSION = YES;
				CLANG_WARN_INT_CONVERSION = YES;
				CLANG_WARN_NON_LITERAL_NULL_CONVERSION = YES;
				CLANG_WARN_OBJC_IMPLICIT_RETAIN_SELF = YES;
				CLANG_WARN_OBJC_LITERAL_CONVERSION = YES;
				CLANG_WARN_OBJC_ROOT_CLASS = YES_ERROR;
				CLANG_WARN_QUOTED_INCLUDE_IN_FRAMEWORK_HEADER = YES;
				CLANG_WARN_RANGE_LOOP_ANALYSIS = YES;
				CLANG_WARN_STRICT_PROTOTYPES = YES;
				CLANG_WARN_SUSPICIOUS_MOVE = YES;
				CLANG_WARN_UNGUARDED_AVAILABILITY = YES_AGGRESSIVE;
				CLANG_WARN_UNREACHABLE_CODE = YES;
				CLANG_WARN__DUPLICATE_METHOD_MATCH = YES;
				COPY_PHASE_STRIP = NO;
				DEBUG_INFORMATION_FORMAT = "dwarf-with-dsym";
				ENABLE_NS_ASSERTIONS = NO;
				ENABLE_STRICT_OBJC_MSGSEND = YES;
				ENABLE_USER_SCRIPT_SANDBOXING = YES;
				GCC_C_LANGUAGE_STANDARD = gnu17;
				GCC_NO_COMMON_BLOCKS = YES;
				GCC_WARN_64_TO_32_BIT_CONVERSION = YES;
				GCC_WARN_ABOUT_RETURN_TYPE = YES_ERROR;
				GCC_WARN_UNDECLARED_SELECTOR = YES;
				GCC_WARN_UNINITIALIZED_AUTOS = YES_AGGRESSIVE;
				GCC_WARN_UNUSED_FUNCTION = YES;
				GCC_WARN_UNUSED_VARIABLE = YES;
				LOCALIZATION_PREFERS_STRING_CATALOGS = YES;
				MTL_ENABLE_DEBUG_INFO = NO;
				MTL_FAST_MATH = YES;
				SWIFT_COMPILATION_MODE = wholemodule;
			};
			name = Release;
		};
		FAE917FA2CB9A9FA004F967F /* Debug */ = {
			isa = XCBuildConfiguration;
			buildSettings = {
				ASSETCATALOG_COMPILER_APPICON_NAME = AppIcon;
				ASSETCATALOG_COMPILER_GLOBAL_ACCENT_COLOR_NAME = AccentColor;
				CODE_SIGN_ENTITLEMENTS = MenuApp/MenuApp.entitlements;
				CODE_SIGN_STYLE = Automatic;
				CURRENT_PROJECT_VERSION = 1;
				DEVELOPMENT_ASSET_PATHS = "\"MenuApp/Preview Content\"";
				ENABLE_PREVIEWS = YES;
				GENERATE_INFOPLIST_FILE = YES;
				"INFOPLIST_KEY_UIApplicationSceneManifest_Generation[sdk=iphoneos*]" = YES;
				"INFOPLIST_KEY_UIApplicationSceneManifest_Generation[sdk=iphonesimulator*]" = YES;
				"INFOPLIST_KEY_UIApplicationSupportsIndirectInputEvents[sdk=iphoneos*]" = YES;
				"INFOPLIST_KEY_UIApplicationSupportsIndirectInputEvents[sdk=iphonesimulator*]" = YES;
				"INFOPLIST_KEY_UILaunchScreen_Generation[sdk=iphoneos*]" = YES;
				"INFOPLIST_KEY_UILaunchScreen_Generation[sdk=iphonesimulator*]" = YES;
				"INFOPLIST_KEY_UIStatusBarStyle[sdk=iphoneos*]" = UIStatusBarStyleDefault;
				"INFOPLIST_KEY_UIStatusBarStyle[sdk=iphonesimulator*]" = UIStatusBarStyleDefault;
				INFOPLIST_KEY_UISupportedInterfaceOrientations_iPad = "UIInterfaceOrientationPortrait UIInterfaceOrientationPortraitUpsideDown UIInterfaceOrientationLandscapeLeft UIInterfaceOrientationLandscapeRight";
				INFOPLIST_KEY_UISupportedInterfaceOrientations_iPhone = "UIInterfaceOrientationPortrait UIInterfaceOrientationLandscapeLeft UIInterfaceOrientationLandscapeRight";
				IPHONEOS_DEPLOYMENT_TARGET = 17.5;
				LD_RUNPATH_SEARCH_PATHS = "@executable_path/Frameworks";
				"LD_RUNPATH_SEARCH_PATHS[sdk=macosx*]" = "@executable_path/../Frameworks";
				MACOSX_DEPLOYMENT_TARGET = 14.2;
				MARKETING_VERSION = 1.0;
				PRODUCT_BUNDLE_IDENTIFIER = alexquarrie.tech.MenuApp;
				PRODUCT_NAME = "$(TARGET_NAME)";
				SDKROOT = auto;
				SUPPORTED_PLATFORMS = "iphonesimulator iphoneos";
				SWIFT_EMIT_LOC_STRINGS = YES;
				SWIFT_VERSION = 5.0;
				TARGETED_DEVICE_FAMILY = "1,2";
			};
			name = Debug;
		};
		FAE917FB2CB9A9FA004F967F /* Release */ = {
			isa = XCBuildConfiguration;
			buildSettings = {
				ASSETCATALOG_COMPILER_APPICON_NAME = AppIcon;
				ASSETCATALOG_COMPILER_GLOBAL_ACCENT_COLOR_NAME = AccentColor;
				CODE_SIGN_ENTITLEMENTS = MenuApp/MenuApp.entitlements;
				CODE_SIGN_STYLE = Automatic;
				CURRENT_PROJECT_VERSION = 1;
				DEVELOPMENT_ASSET_PATHS = "\"MenuApp/Preview Content\"";
				ENABLE_PREVIEWS = YES;
				GENERATE_INFOPLIST_FILE = YES;
				"INFOPLIST_KEY_UIApplicationSceneManifest_Generation[sdk=iphoneos*]" = YES;
				"INFOPLIST_KEY_UIApplicationSceneManifest_Generation[sdk=iphonesimulator*]" = YES;
				"INFOPLIST_KEY_UIApplicationSupportsIndirectInputEvents[sdk=iphoneos*]" = YES;
				"INFOPLIST_KEY_UIApplicationSupportsIndirectInputEvents[sdk=iphonesimulator*]" = YES;
				"INFOPLIST_KEY_UILaunchScreen_Generation[sdk=iphoneos*]" = YES;
				"INFOPLIST_KEY_UILaunchScreen_Generation[sdk=iphonesimulator*]" = YES;
				"INFOPLIST_KEY_UIStatusBarStyle[sdk=iphoneos*]" = UIStatusBarStyleDefault;
				"INFOPLIST_KEY_UIStatusBarStyle[sdk=iphonesimulator*]" = UIStatusBarStyleDefault;
				INFOPLIST_KEY_UISupportedInterfaceOrientations_iPad = "UIInterfaceOrientationPortrait UIInterfaceOrientationPortraitUpsideDown UIInterfaceOrientationLandscapeLeft UIInterfaceOrientationLandscapeRight";
				INFOPLIST_KEY_UISupportedInterfaceOrientations_iPhone = "UIInterfaceOrientationPortrait UIInterfaceOrientationLandscapeLeft UIInterfaceOrientationLandscapeRight";
				IPHONEOS_DEPLOYMENT_TARGET = 17.5;
				LD_RUNPATH_SEARCH_PATHS = "@executable_path/Frameworks";
				"LD_RUNPATH_SEARCH_PATHS[sdk=macosx*]" = "@executable_path/../Frameworks";
				MACOSX_DEPLOYMENT_TARGET = 14.2;
				MARKETING_VERSION = 1.0;
				PRODUCT_BUNDLE_IDENTIFIER = alexquarrie.tech.MenuApp;
				PRODUCT_NAME = "$(TARGET_NAME)";
				SDKROOT = auto;
				SUPPORTED_PLATFORMS = "iphonesimulator iphoneos";
				SWIFT_EMIT_LOC_STRINGS = YES;
				SWIFT_VERSION = 5.0;
				TARGETED_DEVICE_FAMILY = "1,2";
			};
			name = Release;
		};
/* End XCBuildConfiguration section */

/* Begin XCConfigurationList section */
		FAE917E52CB9A9FA004F967F /* Build configuration list for PBXProject "MenuApp" */ = {
			isa = XCConfigurationList;
			buildConfigurations = (
				FAE917F72CB9A9FA004F967F /* Debug */,
				FAE917F82CB9A9FA004F967F /* Release */,
			);
			defaultConfigurationIsVisible = 0;
			defaultConfigurationName = Release;
		};
		FAE917F92CB9A9FA004F967F /* Build configuration list for PBXNativeTarget "MenuApp" */ = {
			isa = XCConfigurationList;
			buildConfigurations = (
				FAE917FA2CB9A9FA004F967F /* Debug */,
				FAE917FB2CB9A9FA004F967F /* Release */,
			);
			defaultConfigurationIsVisible = 0;
			defaultConfigurationName = Release;
		};
/* End XCConfigurationList section */
	};
	rootObject = FAE917E22CB9A9FA004F967F /* Project object */;
}
